
Microsoft Visual Studio Solution File, Format Version 12.00
# Visual Studio Version 17
VisualStudioVersion = 17.11.35222.181
MinimumVisualStudioVersion = 10.0.40219.1
Project("{9A19103F-16F7-4668-BE54-9A1E7A4F7556}") = "API", "API.csproj", "{BA6F59EB-8D68-4186-BFCB-AA0975B97C07}"
EndProject
Project("{9A19103F-16F7-4668-BE54-9A1E7A4F7556}") = "API.Tests", "..\API.Tests\API.Tests.csproj", "{7608F84C-5684-4F9D-ADC6-AF77ACFD409F}"
EndProject
Global
	GlobalSection(SolutionConfigurationPlatforms) = preSolution
		Debug|Any CPU = Debug|Any CPU
		Release|Any CPU = Release|Any CPU
	EndGlobalSection
	GlobalSection(ProjectConfigurationPlatforms) = postSolution
		{BA6F59EB-8D68-4186-BFCB-AA0975B97C07}.Debug|Any CPU.ActiveCfg = Debug|Any CPU
		{BA6F59EB-8D68-4186-BFCB-AA0975B97C07}.Debug|Any CPU.Build.0 = Debug|Any CPU
		{BA6F59EB-8D68-4186-BFCB-AA0975B97C07}.Release|Any CPU.ActiveCfg = Release|Any CPU
		{BA6F59EB-8D68-4186-BFCB-AA0975B97C07}.Release|Any CPU.Build.0 = Release|Any CPU
		{7608F84C-5684-4F9D-ADC6-AF77ACFD409F}.Debug|Any CPU.ActiveCfg = Debug|Any CPU
		{7608F84C-5684-4F9D-ADC6-AF77ACFD409F}.Debug|Any CPU.Build.0 = Debug|Any CPU
		{7608F84C-5684-4F9D-ADC6-AF77ACFD409F}.Release|Any CPU.ActiveCfg = Release|Any CPU
		{7608F84C-5684-4F9D-ADC6-AF77ACFD409F}.Release|Any CPU.Build.0 = Release|Any CPU
	EndGlobalSection
	GlobalSection(SolutionProperties) = preSolution
		HideSolutionNode = FALSE
	EndGlobalSection
	GlobalSection(ExtensibilityGlobals) = postSolution
		SolutionGuid = {449AC47D-CB2B-4152-9829-BEE51AF8AB9E}
	EndGlobalSection
EndGlobal
